
Microsoft Visual Studio Solution File, Format Version 12.00
# Visual Studio Version 17
VisualStudioVersion = 17.5.002.0
MinimumVisualStudioVersion = 10.0.40219.1
Project("{9A19103F-16F7-4668-BE54-9A1E7A4F7556}") = "Ex4", "Ex4.csproj", "{AC258E0D-77B8-4820-AA97-56B5B91EF605}"
EndProject
Global
	GlobalSection(SolutionConfigurationPlatforms) = preSolution
		Debug|Any CPU = Debug|Any CPU
		Release|Any CPU = Release|Any CPU
	EndGlobalSection
	GlobalSection(ProjectConfigurationPlatforms) = postSolution
		{AC258E0D-77B8-4820-AA97-56B5B91EF605}.Debug|Any CPU.ActiveCfg = Debug|Any CPU
		{AC258E0D-77B8-4820-AA97-56B5B91EF605}.Debug|Any CPU.Build.0 = Debug|Any CPU
		{AC258E0D-77B8-4820-AA97-56B5B91EF605}.Release|Any CPU.ActiveCfg = Release|Any CPU
		{AC258E0D-77B8-4820-AA97-56B5B91EF605}.Release|Any CPU.Build.0 = Release|Any CPU
	EndGlobalSection
	GlobalSection(SolutionProperties) = preSolution
		HideSolutionNode = FALSE
	EndGlobalSection
	GlobalSection(ExtensibilityGlobals) = postSolution
		SolutionGuid = {01DDD965-AAE4-45F8-84DF-28079BD0CB05}
	EndGlobalSection
EndGlobal
